
Microsoft Visual Studio Solution File, Format Version 12.00
# Visual Studio Version 18
VisualStudioVersion = 18.0.0.0
MinimumVisualStudioVersion = 10.0.40219.1
Project("{FAE04EC0-301F-11D3-BF4B-00C04F79EFBC}") = "AssetForge.App", "src\AssetForge.App\AssetForge.App.csproj", "{7D96E001-88B8-4E4F-9015-41A6AA9A3CE1}"
EndProject
Project("{FAE04EC0-301F-11D3-BF4B-00C04F79EFBC}") = "AssetForge.Core", "src\AssetForge.Core\AssetForge.Core.csproj", "{17E49713-7DBA-4CB7-806C-AE2CFF7366E4}"
EndProject
Project("{FAE04EC0-301F-11D3-BF4B-00C04F79EFBC}") = "AssetForge.Infrastructure", "src\AssetForge.Infrastructure\AssetForge.Infrastructure.csproj", "{564E1590-F847-4271-925C-A9D44B139CBD}"
EndProject
Project("{FAE04EC0-301F-11D3-BF4B-00C04F79EFBC}") = "AssetForge.Tests", "tests\AssetForge.Tests\AssetForge.Tests.csproj", "{B18F2CAC-3BD6-4740-B591-6A22C6E4182E}"
EndProject
Global
	GlobalSection(SolutionConfigurationPlatforms) = preSolution
		Debug|Any CPU = Debug|Any CPU
		Release|Any CPU = Release|Any CPU
	EndGlobalSection
	GlobalSection(ProjectConfigurationPlatforms) = postSolution
		{7D96E001-88B8-4E4F-9015-41A6AA9A3CE1}.Debug|Any CPU.ActiveCfg = Debug|Any CPU
		{7D96E001-88B8-4E4F-9015-41A6AA9A3CE1}.Debug|Any CPU.Build.0 = Debug|Any CPU
		{7D96E001-88B8-4E4F-9015-41A6AA9A3CE1}.Release|Any CPU.ActiveCfg = Release|Any CPU
		{7D96E001-88B8-4E4F-9015-41A6AA9A3CE1}.Release|Any CPU.Build.0 = Release|Any CPU
		{17E49713-7DBA-4CB7-806C-AE2CFF7366E4}.Debug|Any CPU.ActiveCfg = Debug|Any CPU
		{17E49713-7DBA-4CB7-806C-AE2CFF7366E4}.Debug|Any CPU.Build.0 = Debug|Any CPU
		{17E49713-7DBA-4CB7-806C-AE2CFF7366E4}.Release|Any CPU.ActiveCfg = Release|Any CPU
		{17E49713-7DBA-4CB7-806C-AE2CFF7366E4}.Release|Any CPU.Build.0 = Release|Any CPU
		{564E1590-F847-4271-925C-A9D44B139CBD}.Debug|Any CPU.ActiveCfg = Debug|Any CPU
		{564E1590-F847-4271-925C-A9D44B139CBD}.Debug|Any CPU.Build.0 = Debug|Any CPU
		{564E1590-F847-4271-925C-A9D44B139CBD}.Release|Any CPU.ActiveCfg = Release|Any CPU
		{564E1590-F847-4271-925C-A9D44B139CBD}.Release|Any CPU.Build.0 = Release|Any CPU
		{B18F2CAC-3BD6-4740-B591-6A22C6E4182E}.Debug|Any CPU.ActiveCfg = Debug|Any CPU
		{B18F2CAC-3BD6-4740-B591-6A22C6E4182E}.Debug|Any CPU.Build.0 = Debug|Any CPU
		{B18F2CAC-3BD6-4740-B591-6A22C6E4182E}.Release|Any CPU.ActiveCfg = Release|Any CPU
		{B18F2CAC-3BD6-4740-B591-6A22C6E4182E}.Release|Any CPU.Build.0 = Release|Any CPU
	EndGlobalSection
EndGlobal
